
Microsoft Visual Studio Solution File, Format Version 12.00
# Visual Studio Version 16
VisualStudioVersion = 16.0.32126.315
MinimumVisualStudioVersion = 10.0.40219.1
Project("{FAE04EC0-301F-11D3-BF4B-00C04F79EFBC}") = "Lab04_VoPhamNhutHao", "Lab04_VoPhamNhutHao\Lab04_VoPhamNhutHao.csproj", "{8B74A4A4-AA18-4DF8-B8E0-5BB9FDC687A5}"
EndProject
Project("{FAE04EC0-301F-11D3-BF4B-00C04F79EFBC}") = "WebApplication1", "WebApplication1\WebApplication1.csproj", "{EE03FD67-8429-4DBF-A905-9ABCA0FF9DCB}"
EndProject
Global
	GlobalSection(SolutionConfigurationPlatforms) = preSolution
		Debug|Any CPU = Debug|Any CPU
		Release|Any CPU = Release|Any CPU
	EndGlobalSection
	GlobalSection(ProjectConfigurationPlatforms) = postSolution
		{8B74A4A4-AA18-4DF8-B8E0-5BB9FDC687A5}.Debug|Any CPU.ActiveCfg = Debug|Any CPU
		{8B74A4A4-AA18-4DF8-B8E0-5BB9FDC687A5}.Debug|Any CPU.Build.0 = Debug|Any CPU
		{8B74A4A4-AA18-4DF8-B8E0-5BB9FDC687A5}.Release|Any CPU.ActiveCfg = Release|Any CPU
		{8B74A4A4-AA18-4DF8-B8E0-5BB9FDC687A5}.Release|Any CPU.Build.0 = Release|Any CPU
		{EE03FD67-8429-4DBF-A905-9ABCA0FF9DCB}.Debug|Any CPU.ActiveCfg = Debug|Any CPU
		{EE03FD67-8429-4DBF-A905-9ABCA0FF9DCB}.Debug|Any CPU.Build.0 = Debug|Any CPU
		{EE03FD67-8429-4DBF-A905-9ABCA0FF9DCB}.Release|Any CPU.ActiveCfg = Release|Any CPU
		{EE03FD67-8429-4DBF-A905-9ABCA0FF9DCB}.Release|Any CPU.Build.0 = Release|Any CPU
	EndGlobalSection
	GlobalSection(SolutionProperties) = preSolution
		HideSolutionNode = FALSE
	EndGlobalSection
	GlobalSection(ExtensibilityGlobals) = postSolution
		SolutionGuid = {EEB95161-F573-4616-BC25-A3BE192E635B}
	EndGlobalSection
EndGlobal
